
Microsoft Visual Studio Solution File, Format Version 12.00
# Visual Studio Version 17
VisualStudioVersion = 17.7.34221.43
MinimumVisualStudioVersion = 10.0.40219.1
Project("{FAE04EC0-301F-11D3-BF4B-00C04F79EFBC}") = "MVC.ShiftLogger", "MVC.ShiftLogger\MVC.ShiftLogger.csproj", "{99B0ECF7-E6B8-4B53-842A-B42AC0450E5D}"
EndProject
Global
	GlobalSection(SolutionConfigurationPlatforms) = preSolution
		Debug|Any CPU = Debug|Any CPU
		Release|Any CPU = Release|Any CPU
	EndGlobalSection
	GlobalSection(ProjectConfigurationPlatforms) = postSolution
		{99B0ECF7-E6B8-4B53-842A-B42AC0450E5D}.Debug|Any CPU.ActiveCfg = Debug|Any CPU
		{99B0ECF7-E6B8-4B53-842A-B42AC0450E5D}.Debug|Any CPU.Build.0 = Debug|Any CPU
		{99B0ECF7-E6B8-4B53-842A-B42AC0450E5D}.Release|Any CPU.ActiveCfg = Release|Any CPU
		{99B0ECF7-E6B8-4B53-842A-B42AC0450E5D}.Release|Any CPU.Build.0 = Release|Any CPU
	EndGlobalSection
	GlobalSection(SolutionProperties) = preSolution
		HideSolutionNode = FALSE
	EndGlobalSection
	GlobalSection(ExtensibilityGlobals) = postSolution
		SolutionGuid = {65BC4193-AA1B-4677-B678-A9380957FC4C}
	EndGlobalSection
EndGlobal
